
Microsoft Visual Studio Solution File, Format Version 12.00
# Visual Studio Version 17
VisualStudioVersion = 17.0.31612.314
MinimumVisualStudioVersion = 10.0.40219.1
Project("{FAE04EC0-301F-11D3-BF4B-00C04F79EFBC}") = "MachineVisionFunctions", "MachineVisionFunctions\MachineVisionFunctions.csproj", "{52D4AE4F-EB72-4B03-A7FB-52F58632E782}"
EndProject
Global
	GlobalSection(SolutionConfigurationPlatforms) = preSolution
		Debug|Any CPU = Debug|Any CPU
		Release|Any CPU = Release|Any CPU
	EndGlobalSection
	GlobalSection(ProjectConfigurationPlatforms) = postSolution
		{52D4AE4F-EB72-4B03-A7FB-52F58632E782}.Debug|Any CPU.ActiveCfg = Debug|Any CPU
		{52D4AE4F-EB72-4B03-A7FB-52F58632E782}.Debug|Any CPU.Build.0 = Debug|Any CPU
		{52D4AE4F-EB72-4B03-A7FB-52F58632E782}.Release|Any CPU.ActiveCfg = Release|Any CPU
		{52D4AE4F-EB72-4B03-A7FB-52F58632E782}.Release|Any CPU.Build.0 = Release|Any CPU
	EndGlobalSection
	GlobalSection(SolutionProperties) = preSolution
		HideSolutionNode = FALSE
	EndGlobalSection
	GlobalSection(ExtensibilityGlobals) = postSolution
		SolutionGuid = {3BB3A2A6-3F9A-40FA-BB71-0B59D66A92C5}
	EndGlobalSection
EndGlobal
